
Microsoft Visual Studio Solution File, Format Version 12.00
# Visual Studio Version 16
VisualStudioVersion = 16.0.32929.386
MinimumVisualStudioVersion = 10.0.40219.1
Project("{FAE04EC0-301F-11D3-BF4B-00C04F79EFBC}") = "Campanha.Api", "Campanha.Api.csproj", "{0143A7FF-D98A-48FD-8F87-225175FEBF62}"
EndProject
Project("{FAE04EC0-301F-11D3-BF4B-00C04F79EFBC}") = "Campanha.Domain", "..\Campanha.Domain\Campanha.Domain.csproj", "{16343992-8E32-4E41-8875-184AEEACFF89}"
EndProject
Project("{FAE04EC0-301F-11D3-BF4B-00C04F79EFBC}") = "Campanha.Data", "..\Campanha.Data\Campanha.Data.csproj", "{CC22E22A-5662-4E3D-8DE2-8386FCEA09AA}"
EndProject
Global
	GlobalSection(SolutionConfigurationPlatforms) = preSolution
		Debug|Any CPU = Debug|Any CPU
		Release|Any CPU = Release|Any CPU
	EndGlobalSection
	GlobalSection(ProjectConfigurationPlatforms) = postSolution
		{0143A7FF-D98A-48FD-8F87-225175FEBF62}.Debug|Any CPU.ActiveCfg = Debug|Any CPU
		{0143A7FF-D98A-48FD-8F87-225175FEBF62}.Debug|Any CPU.Build.0 = Debug|Any CPU
		{0143A7FF-D98A-48FD-8F87-225175FEBF62}.Release|Any CPU.ActiveCfg = Release|Any CPU
		{0143A7FF-D98A-48FD-8F87-225175FEBF62}.Release|Any CPU.Build.0 = Release|Any CPU
		{16343992-8E32-4E41-8875-184AEEACFF89}.Debug|Any CPU.ActiveCfg = Debug|Any CPU
		{16343992-8E32-4E41-8875-184AEEACFF89}.Debug|Any CPU.Build.0 = Debug|Any CPU
		{16343992-8E32-4E41-8875-184AEEACFF89}.Release|Any CPU.ActiveCfg = Release|Any CPU
		{16343992-8E32-4E41-8875-184AEEACFF89}.Release|Any CPU.Build.0 = Release|Any CPU
		{CC22E22A-5662-4E3D-8DE2-8386FCEA09AA}.Debug|Any CPU.ActiveCfg = Debug|Any CPU
		{CC22E22A-5662-4E3D-8DE2-8386FCEA09AA}.Debug|Any CPU.Build.0 = Debug|Any CPU
		{CC22E22A-5662-4E3D-8DE2-8386FCEA09AA}.Release|Any CPU.ActiveCfg = Release|Any CPU
		{CC22E22A-5662-4E3D-8DE2-8386FCEA09AA}.Release|Any CPU.Build.0 = Release|Any CPU
	EndGlobalSection
	GlobalSection(SolutionProperties) = preSolution
		HideSolutionNode = FALSE
	EndGlobalSection
	GlobalSection(ExtensibilityGlobals) = postSolution
		SolutionGuid = {8523CA12-104B-4DB7-9C76-FB42EEEF7BC3}
	EndGlobalSection
EndGlobal
